
Microsoft Visual Studio Solution File, Format Version 12.00
# Visual Studio Version 17
VisualStudioVersion = 17.10.35027.167
MinimumVisualStudioVersion = 10.0.40219.1
Project("{FAE04EC0-301F-11D3-BF4B-00C04F79EFBC}") = "diagonales", "diagonales\diagonales.csproj", "{1112CD27-5529-42B8-AB9A-25D557356638}"
EndProject
Global
	GlobalSection(SolutionConfigurationPlatforms) = preSolution
		Debug|Any CPU = Debug|Any CPU
		Release|Any CPU = Release|Any CPU
	EndGlobalSection
	GlobalSection(ProjectConfigurationPlatforms) = postSolution
		{1112CD27-5529-42B8-AB9A-25D557356638}.Debug|Any CPU.ActiveCfg = Debug|Any CPU
		{1112CD27-5529-42B8-AB9A-25D557356638}.Debug|Any CPU.Build.0 = Debug|Any CPU
		{1112CD27-5529-42B8-AB9A-25D557356638}.Release|Any CPU.ActiveCfg = Release|Any CPU
		{1112CD27-5529-42B8-AB9A-25D557356638}.Release|Any CPU.Build.0 = Release|Any CPU
	EndGlobalSection
	GlobalSection(SolutionProperties) = preSolution
		HideSolutionNode = FALSE
	EndGlobalSection
	GlobalSection(ExtensibilityGlobals) = postSolution
		SolutionGuid = {CF55C912-5E8A-48B6-AB27-775E9F0FEB71}
	EndGlobalSection
EndGlobal
